
Microsoft Visual Studio Solution File, Format Version 12.00
# Visual Studio Version 17
VisualStudioVersion = 17.13.35825.156
MinimumVisualStudioVersion = 10.0.40219.1
Project("{FAE04EC0-301F-11D3-BF4B-00C04F79EFBC}") = "TN01 - WFCadastroContato", "TN01 - WFCadastroContato\TN01 - WFCadastroContato.csproj", "{5D458A1E-7C99-45FE-B86A-511380088063}"
EndProject
Project("{FAE04EC0-301F-11D3-BF4B-00C04F79EFBC}") = "WFAcesso", "WFAcesso\WFAcesso.csproj", "{AFE29CBB-9DD7-4A40-B69F-771F2668C3DA}"
EndProject
Global
	GlobalSection(SolutionConfigurationPlatforms) = preSolution
		Debug|Any CPU = Debug|Any CPU
		Release|Any CPU = Release|Any CPU
	EndGlobalSection
	GlobalSection(ProjectConfigurationPlatforms) = postSolution
		{5D458A1E-7C99-45FE-B86A-511380088063}.Debug|Any CPU.ActiveCfg = Debug|Any CPU
		{5D458A1E-7C99-45FE-B86A-511380088063}.Debug|Any CPU.Build.0 = Debug|Any CPU
		{5D458A1E-7C99-45FE-B86A-511380088063}.Release|Any CPU.ActiveCfg = Release|Any CPU
		{5D458A1E-7C99-45FE-B86A-511380088063}.Release|Any CPU.Build.0 = Release|Any CPU
		{AFE29CBB-9DD7-4A40-B69F-771F2668C3DA}.Debug|Any CPU.ActiveCfg = Debug|Any CPU
		{AFE29CBB-9DD7-4A40-B69F-771F2668C3DA}.Debug|Any CPU.Build.0 = Debug|Any CPU
		{AFE29CBB-9DD7-4A40-B69F-771F2668C3DA}.Release|Any CPU.ActiveCfg = Release|Any CPU
		{AFE29CBB-9DD7-4A40-B69F-771F2668C3DA}.Release|Any CPU.Build.0 = Release|Any CPU
	EndGlobalSection
	GlobalSection(SolutionProperties) = preSolution
		HideSolutionNode = FALSE
	EndGlobalSection
	GlobalSection(ExtensibilityGlobals) = postSolution
		SolutionGuid = {ACD50FA3-AE30-4CCF-BA96-9103E73D699A}
	EndGlobalSection
EndGlobal
